
Microsoft Visual Studio Solution File, Format Version 12.00
# Visual Studio Version 16
VisualStudioVersion = 16.0.30225.117
MinimumVisualStudioVersion = 10.0.40219.1
Project("{D954291E-2A0B-460D-934E-DC6B0785DB48}") = "cardinal.Shared", "cardinal.Shared\cardinal.Shared.shproj", "{6279C845-92F8-4333-AB99-3D213163593C}"
EndProject
Project("{FAE04EC0-301F-11D3-BF4B-00C04F79EFBC}") = "cardinal.Droid", "cardinal.Droid\cardinal.Droid.csproj", "{D2E6113D-2105-491B-B28D-5E2C9C1AD0DA}"
EndProject
Project("{FAE04EC0-301F-11D3-BF4B-00C04F79EFBC}") = "cardinal.iOS", "cardinal.iOS\cardinal.iOS.csproj", "{892A4B4E-0214-46B4-B3B7-129469F2F902}"
EndProject
Project("{FAE04EC0-301F-11D3-BF4B-00C04F79EFBC}") = "cardinal.UWP", "cardinal.UWP\cardinal.UWP.csproj", "{69906159-A550-48EA-8195-1DD5352A3065}"
EndProject
Project("{9A19103F-16F7-4668-BE54-9A1E7A4F7556}") = "cardinal.Wasm", "cardinal.Wasm\cardinal.Wasm.csproj", "{70AC097B-0558-489B-8E4B-90593801B3B9}"
EndProject
Project("{FAE04EC0-301F-11D3-BF4B-00C04F79EFBC}") = "cardinal.macOS", "cardinal.macOS\cardinal.macOS.csproj", "{1DAD4B9A-3FD0-4373-B57F-D5929DC43B2B}"
EndProject
Project("{FAE04EC0-301F-11D3-BF4B-00C04F79EFBC}") = "Twitter.Api", "Twitter.Api\Twitter.Api.csproj", "{9511C657-0903-4F01-8A2C-3CABD2194F55}"
EndProject
Global
	GlobalSection(SharedMSBuildProjectFiles) = preSolution
		cardinal.Shared\cardinal.Shared.projitems*{1dad4b9a-3fd0-4373-b57f-d5929dc43b2b}*SharedItemsImports = 4
		cardinal.Shared\cardinal.Shared.projitems*{6279c845-92f8-4333-ab99-3d213163593c}*SharedItemsImports = 13
		cardinal.Shared\cardinal.Shared.projitems*{69906159-a550-48ea-8195-1dd5352a3065}*SharedItemsImports = 4
		cardinal.Shared\cardinal.Shared.projitems*{70ac097b-0558-489b-8e4b-90593801b3b9}*SharedItemsImports = 5
		cardinal.Shared\cardinal.Shared.projitems*{892a4b4e-0214-46b4-b3b7-129469f2f902}*SharedItemsImports = 4
		cardinal.Shared\cardinal.Shared.projitems*{d2e6113d-2105-491b-b28d-5e2c9c1ad0da}*SharedItemsImports = 4
	EndGlobalSection
	GlobalSection(SolutionConfigurationPlatforms) = preSolution
		Ad-Hoc|Any CPU = Ad-Hoc|Any CPU
		Ad-Hoc|ARM = Ad-Hoc|ARM
		Ad-Hoc|ARM64 = Ad-Hoc|ARM64
		Ad-Hoc|iPhone = Ad-Hoc|iPhone
		Ad-Hoc|iPhoneSimulator = Ad-Hoc|iPhoneSimulator
		Ad-Hoc|x64 = Ad-Hoc|x64
		Ad-Hoc|x86 = Ad-Hoc|x86
		AppStore|Any CPU = AppStore|Any CPU
		AppStore|ARM = AppStore|ARM
		AppStore|ARM64 = AppStore|ARM64
		AppStore|iPhone = AppStore|iPhone
		AppStore|iPhoneSimulator = AppStore|iPhoneSimulator
		AppStore|x64 = AppStore|x64
		AppStore|x86 = AppStore|x86
		Debug|Any CPU = Debug|Any CPU
		Debug|ARM = Debug|ARM
		Debug|ARM64 = Debug|ARM64
		Debug|iPhone = Debug|iPhone
		Debug|iPhoneSimulator = Debug|iPhoneSimulator
		Debug|x64 = Debug|x64
		Debug|x86 = Debug|x86
		Release|Any CPU = Release|Any CPU
		Release|ARM = Release|ARM
		Release|ARM64 = Release|ARM64
		Release|iPhone = Release|iPhone
		Release|iPhoneSimulator = Release|iPhoneSimulator
		Release|x64 = Release|x64
		Release|x86 = Release|x86
	EndGlobalSection
	GlobalSection(ProjectConfigurationPlatforms) = postSolution
		{D2E6113D-2105-491B-B28D-5E2C9C1AD0DA}.Ad-Hoc|Any CPU.ActiveCfg = Release|Any CPU
		{D2E6113D-2105-491B-B28D-5E2C9C1AD0DA}.Ad-Hoc|Any CPU.Build.0 = Release|Any CPU
		{D2E6113D-2105-491B-B28D-5E2C9C1AD0DA}.Ad-Hoc|Any CPU.Deploy.0 = Release|Any CPU
		{D2E6113D-2105-491B-B28D-5E2C9C1AD0DA}.Ad-Hoc|ARM.ActiveCfg = Release|Any CPU
		{D2E6113D-2105-491B-B28D-5E2C9C1AD0DA}.Ad-Hoc|ARM.Build.0 = Release|Any CPU
		{D2E6113D-2105-491B-B28D-5E2C9C1AD0DA}.Ad-Hoc|ARM.Deploy.0 = Release|Any CPU
		{D2E6113D-2105-491B-B28D-5E2C9C1AD0DA}.Ad-Hoc|ARM64.ActiveCfg = Release|Any CPU
		{D2E6113D-2105-491B-B28D-5E2C9C1AD0DA}.Ad-Hoc|ARM64.Build.0 = Release|Any CPU
		{D2E6113D-2105-491B-B28D-5E2C9C1AD0DA}.Ad-Hoc|ARM64.Deploy.0 = Release|Any CPU
		{D2E6113D-2105-491B-B28D-5E2C9C1AD0DA}.Ad-Hoc|iPhone.ActiveCfg = Release|Any CPU
		{D2E6113D-2105-491B-B28D-5E2C9C1AD0DA}.Ad-Hoc|iPhone.Build.0 = Release|Any CPU
		{D2E6113D-2105-491B-B28D-5E2C9C1AD0DA}.Ad-Hoc|iPhone.Deploy.0 = Release|Any CPU
		{D2E6113D-2105-491B-B28D-5E2C9C1AD0DA}.Ad-Hoc|iPhoneSimulator.ActiveCfg = Release|Any CPU
		{D2E6113D-2105-491B-B28D-5E2C9C1AD0DA}.Ad-Hoc|iPhoneSimulator.Build.0 = Release|Any CPU
		{D2E6113D-2105-491B-B28D-5E2C9C1AD0DA}.Ad-Hoc|iPhoneSimulator.Deploy.0 = Release|Any CPU
		{D2E6113D-2105-491B-B28D-5E2C9C1AD0DA}.Ad-Hoc|x64.ActiveCfg = Release|Any CPU
		{D2E6113D-2105-491B-B28D-5E2C9C1AD0DA}.Ad-Hoc|x64.Build.0 = Release|Any CPU
		{D2E6113D-2105-491B-B28D-5E2C9C1AD0DA}.Ad-Hoc|x64.Deploy.0 = Release|Any CPU
		{D2E6113D-2105-491B-B28D-5E2C9C1AD0DA}.Ad-Hoc|x86.ActiveCfg = Release|Any CPU
		{D2E6113D-2105-491B-B28D-5E2C9C1AD0DA}.Ad-Hoc|x86.Build.0 = Release|Any CPU
		{D2E6113D-2105-491B-B28D-5E2C9C1AD0DA}.Ad-Hoc|x86.Deploy.0 = Release|Any CPU
		{D2E6113D-2105-491B-B28D-5E2C9C1AD0DA}.AppStore|Any CPU.ActiveCfg = Release|Any CPU
		{D2E6113D-2105-491B-B28D-5E2C9C1AD0DA}.AppStore|Any CPU.Build.0 = Release|Any CPU
		{D2E6113D-2105-491B-B28D-5E2C9C1AD0DA}.AppStore|Any CPU.Deploy.0 = Release|Any CPU
		{D2E6113D-2105-491B-B28D-5E2C9C1AD0DA}.AppStore|ARM.ActiveCfg = Release|Any CPU
		{D2E6113D-2105-491B-B28D-5E2C9C1AD0DA}.AppStore|ARM.Build.0 = Release|Any CPU
		{D2E6113D-2105-491B-B28D-5E2C9C1AD0DA}.AppStore|ARM.Deploy.0 = Release|Any CPU
		{D2E6113D-2105-491B-B28D-5E2C9C1AD0DA}.AppStore|ARM64.ActiveCfg = Release|Any CPU
		{D2E6113D-2105-491B-B28D-5E2C9C1AD0DA}.AppStore|ARM64.Build.0 = Release|Any CPU
		{D2E6113D-2105-491B-B28D-5E2C9C1AD0DA}.AppStore|ARM64.Deploy.0 = Release|Any CPU
		{D2E6113D-2105-491B-B28D-5E2C9C1AD0DA}.AppStore|iPhone.ActiveCfg = Release|Any CPU
		{D2E6113D-2105-491B-B28D-5E2C9C1AD0DA}.AppStore|iPhone.Build.0 = Release|Any CPU
		{D2E6113D-2105-491B-B28D-5E2C9C1AD0DA}.AppStore|iPhone.Deploy.0 = Release|Any CPU
		{D2E6113D-2105-491B-B28D-5E2C9C1AD0DA}.AppStore|iPhoneSimulator.ActiveCfg = Release|Any CPU
		{D2E6113D-2105-491B-B28D-5E2C9C1AD0DA}.AppStore|iPhoneSimulator.Build.0 = Release|Any CPU
		{D2E6113D-2105-491B-B28D-5E2C9C1AD0DA}.AppStore|iPhoneSimulator.Deploy.0 = Release|Any CPU
		{D2E6113D-2105-491B-B28D-5E2C9C1AD0DA}.AppStore|x64.ActiveCfg = Release|Any CPU
		{D2E6113D-2105-491B-B28D-5E2C9C1AD0DA}.AppStore|x64.Build.0 = Release|Any CPU
		{D2E6113D-2105-491B-B28D-5E2C9C1AD0DA}.AppStore|x64.Deploy.0 = Release|Any CPU
		{D2E6113D-2105-491B-B28D-5E2C9C1AD0DA}.AppStore|x86.ActiveCfg = Release|Any CPU
		{D2E6113D-2105-491B-B28D-5E2C9C1AD0DA}.AppStore|x86.Build.0 = Release|Any CPU
		{D2E6113D-2105-491B-B28D-5E2C9C1AD0DA}.AppStore|x86.Deploy.0 = Release|Any CPU
		{D2E6113D-2105-491B-B28D-5E2C9C1AD0DA}.Debug|Any CPU.ActiveCfg = Debug|Any CPU
		{D2E6113D-2105-491B-B28D-5E2C9C1AD0DA}.Debug|Any CPU.Build.0 = Debug|Any CPU
		{D2E6113D-2105-491B-B28D-5E2C9C1AD0DA}.Debug|Any CPU.Deploy.0 = Debug|Any CPU
		{D2E6113D-2105-491B-B28D-5E2C9C1AD0DA}.Debug|ARM.ActiveCfg = Debug|Any CPU
		{D2E6113D-2105-491B-B28D-5E2C9C1AD0DA}.Debug|ARM.Build.0 = Debug|Any CPU
		{D2E6113D-2105-491B-B28D-5E2C9C1AD0DA}.Debug|ARM.Deploy.0 = Debug|Any CPU
		{D2E6113D-2105-491B-B28D-5E2C9C1AD0DA}.Debug|ARM64.ActiveCfg = Debug|Any CPU
		{D2E6113D-2105-491B-B28D-5E2C9C1AD0DA}.Debug|ARM64.Build.0 = Debug|Any CPU
		{D2E6113D-2105-491B-B28D-5E2C9C1AD0DA}.Debug|ARM64.Deploy.0 = Debug|Any CPU
		{D2E6113D-2105-491B-B28D-5E2C9C1AD0DA}.Debug|iPhone.ActiveCfg = Debug|Any CPU
		{D2E6113D-2105-491B-B28D-5E2C9C1AD0DA}.Debug|iPhone.Build.0 = Debug|Any CPU
		{D2E6113D-2105-491B-B28D-5E2C9C1AD0DA}.Debug|iPhone.Deploy.0 = Debug|Any CPU
		{D2E6113D-2105-491B-B28D-5E2C9C1AD0DA}.Debug|iPhoneSimulator.ActiveCfg = Debug|Any CPU
		{D2E6113D-2105-491B-B28D-5E2C9C1AD0DA}.Debug|iPhoneSimulator.Build.0 = Debug|Any CPU
		{D2E6113D-2105-491B-B28D-5E2C9C1AD0DA}.Debug|iPhoneSimulator.Deploy.0 = Debug|Any CPU
		{D2E6113D-2105-491B-B28D-5E2C9C1AD0DA}.Debug|x64.ActiveCfg = Debug|Any CPU
		{D2E6113D-2105-491B-B28D-5E2C9C1AD0DA}.Debug|x64.Build.0 = Debug|Any CPU
		{D2E6113D-2105-491B-B28D-5E2C9C1AD0DA}.Debug|x64.Deploy.0 = Debug|Any CPU
		{D2E6113D-2105-491B-B28D-5E2C9C1AD0DA}.Debug|x86.ActiveCfg = Debug|Any CPU
		{D2E6113D-2105-491B-B28D-5E2C9C1AD0DA}.Debug|x86.Build.0 = Debug|Any CPU
		{D2E6113D-2105-491B-B28D-5E2C9C1AD0DA}.Debug|x86.Deploy.0 = Debug|Any CPU
		{D2E6113D-2105-491B-B28D-5E2C9C1AD0DA}.Release|Any CPU.ActiveCfg = Release|Any CPU
		{D2E6113D-2105-491B-B28D-5E2C9C1AD0DA}.Release|Any CPU.Build.0 = Release|Any CPU
		{D2E6113D-2105-491B-B28D-5E2C9C1AD0DA}.Release|Any CPU.Deploy.0 = Release|Any CPU
		{D2E6113D-2105-491B-B28D-5E2C9C1AD0DA}.Release|ARM.ActiveCfg = Release|Any CPU
		{D2E6113D-2105-491B-B28D-5E2C9C1AD0DA}.Release|ARM.Build.0 = Release|Any CPU
		{D2E6113D-2105-491B-B28D-5E2C9C1AD0DA}.Release|ARM.Deploy.0 = Release|Any CPU
		{D2E6113D-2105-491B-B28D-5E2C9C1AD0DA}.Release|ARM64.ActiveCfg = Release|Any CPU
		{D2E6113D-2105-491B-B28D-5E2C9C1AD0DA}.Release|ARM64.Build.0 = Release|Any CPU
		{D2E6113D-2105-491B-B28D-5E2C9C1AD0DA}.Release|ARM64.Deploy.0 = Release|Any CPU
		{D2E6113D-2105-491B-B28D-5E2C9C1AD0DA}.Release|iPhone.ActiveCfg = Release|Any CPU
		{D2E6113D-2105-491B-B28D-5E2C9C1AD0DA}.Release|iPhone.Build.0 = Release|Any CPU
		{D2E6113D-2105-491B-B28D-5E2C9C1AD0DA}.Release|iPhone.Deploy.0 = Release|Any CPU
		{D2E6113D-2105-491B-B28D-5E2C9C1AD0DA}.Release|iPhoneSimulator.ActiveCfg = Release|Any CPU
		{D2E6113D-2105-491B-B28D-5E2C9C1AD0DA}.Release|iPhoneSimulator.Build.0 = Release|Any CPU
		{D2E6113D-2105-491B-B28D-5E2C9C1AD0DA}.Release|iPhoneSimulator.Deploy.0 = Release|Any CPU
		{D2E6113D-2105-491B-B28D-5E2C9C1AD0DA}.Release|x64.ActiveCfg = Release|Any CPU
		{D2E6113D-2105-491B-B28D-5E2C9C1AD0DA}.Release|x64.Build.0 = Release|Any CPU
		{D2E6113D-2105-491B-B28D-5E2C9C1AD0DA}.Release|x64.Deploy.0 = Release|Any CPU
		{D2E6113D-2105-491B-B28D-5E2C9C1AD0DA}.Release|x86.ActiveCfg = Release|Any CPU
		{D2E6113D-2105-491B-B28D-5E2C9C1AD0DA}.Release|x86.Build.0 = Release|Any CPU
		{D2E6113D-2105-491B-B28D-5E2C9C1AD0DA}.Release|x86.Deploy.0 = Release|Any CPU
		{892A4B4E-0214-46B4-B3B7-129469F2F902}.Ad-Hoc|Any CPU.ActiveCfg = Ad-Hoc|iPhone
		{892A4B4E-0214-46B4-B3B7-129469F2F902}.Ad-Hoc|ARM.ActiveCfg = Ad-Hoc|iPhone
		{892A4B4E-0214-46B4-B3B7-129469F2F902}.Ad-Hoc|ARM64.ActiveCfg = Ad-Hoc|iPhone
		{892A4B4E-0214-46B4-B3B7-129469F2F902}.Ad-Hoc|iPhone.ActiveCfg = Ad-Hoc|iPhone
		{892A4B4E-0214-46B4-B3B7-129469F2F902}.Ad-Hoc|iPhone.Build.0 = Ad-Hoc|iPhone
		{892A4B4E-0214-46B4-B3B7-129469F2F902}.Ad-Hoc|iPhoneSimulator.ActiveCfg = Ad-Hoc|iPhoneSimulator
		{892A4B4E-0214-46B4-B3B7-129469F2F902}.Ad-Hoc|iPhoneSimulator.Build.0 = Ad-Hoc|iPhoneSimulator
		{892A4B4E-0214-46B4-B3B7-129469F2F902}.Ad-Hoc|x64.ActiveCfg = Ad-Hoc|iPhone
		{892A4B4E-0214-46B4-B3B7-129469F2F902}.Ad-Hoc|x86.ActiveCfg = Ad-Hoc|iPhone
		{892A4B4E-0214-46B4-B3B7-129469F2F902}.AppStore|Any CPU.ActiveCfg = AppStore|iPhone
		{892A4B4E-0214-46B4-B3B7-129469F2F902}.AppStore|ARM.ActiveCfg = AppStore|iPhone
		{892A4B4E-0214-46B4-B3B7-129469F2F902}.AppStore|ARM64.ActiveCfg = AppStore|iPhone
		{892A4B4E-0214-46B4-B3B7-129469F2F902}.AppStore|iPhone.ActiveCfg = AppStore|iPhone
		{892A4B4E-0214-46B4-B3B7-129469F2F902}.AppStore|iPhone.Build.0 = AppStore|iPhone
		{892A4B4E-0214-46B4-B3B7-129469F2F902}.AppStore|iPhoneSimulator.ActiveCfg = AppStore|iPhoneSimulator
		{892A4B4E-0214-46B4-B3B7-129469F2F902}.AppStore|iPhoneSimulator.Build.0 = AppStore|iPhoneSimulator
		{892A4B4E-0214-46B4-B3B7-129469F2F902}.AppStore|x64.ActiveCfg = AppStore|iPhone
		{892A4B4E-0214-46B4-B3B7-129469F2F902}.AppStore|x86.ActiveCfg = AppStore|iPhone
		{892A4B4E-0214-46B4-B3B7-129469F2F902}.Debug|Any CPU.ActiveCfg = Debug|iPhone
		{892A4B4E-0214-46B4-B3B7-129469F2F902}.Debug|ARM.ActiveCfg = Debug|iPhone
		{892A4B4E-0214-46B4-B3B7-129469F2F902}.Debug|ARM64.ActiveCfg = Debug|iPhone
		{892A4B4E-0214-46B4-B3B7-129469F2F902}.Debug|iPhone.ActiveCfg = Debug|iPhone
		{892A4B4E-0214-46B4-B3B7-129469F2F902}.Debug|iPhone.Build.0 = Debug|iPhone
		{892A4B4E-0214-46B4-B3B7-129469F2F902}.Debug|iPhoneSimulator.ActiveCfg = Debug|iPhoneSimulator
		{892A4B4E-0214-46B4-B3B7-129469F2F902}.Debug|iPhoneSimulator.Build.0 = Debug|iPhoneSimulator
		{892A4B4E-0214-46B4-B3B7-129469F2F902}.Debug|x64.ActiveCfg = Debug|iPhone
		{892A4B4E-0214-46B4-B3B7-129469F2F902}.Debug|x86.ActiveCfg = Debug|iPhone
		{892A4B4E-0214-46B4-B3B7-129469F2F902}.Release|Any CPU.ActiveCfg = Release|iPhone
		{892A4B4E-0214-46B4-B3B7-129469F2F902}.Release|ARM.ActiveCfg = Release|iPhone
		{892A4B4E-0214-46B4-B3B7-129469F2F902}.Release|ARM64.ActiveCfg = Release|iPhone
		{892A4B4E-0214-46B4-B3B7-129469F2F902}.Release|iPhone.ActiveCfg = Release|iPhone
		{892A4B4E-0214-46B4-B3B7-129469F2F902}.Release|iPhone.Build.0 = Release|iPhone
		{892A4B4E-0214-46B4-B3B7-129469F2F902}.Release|iPhoneSimulator.ActiveCfg = Release|iPhoneSimulator
		{892A4B4E-0214-46B4-B3B7-129469F2F902}.Release|iPhoneSimulator.Build.0 = Release|iPhoneSimulator
		{892A4B4E-0214-46B4-B3B7-129469F2F902}.Release|x64.ActiveCfg = Release|iPhone
		{892A4B4E-0214-46B4-B3B7-129469F2F902}.Release|x86.ActiveCfg = Release|iPhone
		{69906159-A550-48EA-8195-1DD5352A3065}.Ad-Hoc|Any CPU.ActiveCfg = Release|x64
		{69906159-A550-48EA-8195-1DD5352A3065}.Ad-Hoc|Any CPU.Build.0 = Release|x64
		{69906159-A550-48EA-8195-1DD5352A3065}.Ad-Hoc|Any CPU.Deploy.0 = Release|x64
		{69906159-A550-48EA-8195-1DD5352A3065}.Ad-Hoc|ARM.ActiveCfg = Release|ARM
		{69906159-A550-48EA-8195-1DD5352A3065}.Ad-Hoc|ARM.Build.0 = Release|ARM
		{69906159-A550-48EA-8195-1DD5352A3065}.Ad-Hoc|ARM.Deploy.0 = Release|ARM
		{69906159-A550-48EA-8195-1DD5352A3065}.Ad-Hoc|ARM64.ActiveCfg = Release|ARM64
		{69906159-A550-48EA-8195-1DD5352A3065}.Ad-Hoc|ARM64.Build.0 = Release|ARM64
		{69906159-A550-48EA-8195-1DD5352A3065}.Ad-Hoc|ARM64.Deploy.0 = Release|ARM64
		{69906159-A550-48EA-8195-1DD5352A3065}.Ad-Hoc|iPhone.ActiveCfg = Release|x64
		{69906159-A550-48EA-8195-1DD5352A3065}.Ad-Hoc|iPhone.Build.0 = Release|x64
		{69906159-A550-48EA-8195-1DD5352A3065}.Ad-Hoc|iPhone.Deploy.0 = Release|x64
		{69906159-A550-48EA-8195-1DD5352A3065}.Ad-Hoc|iPhoneSimulator.ActiveCfg = Release|x64
		{69906159-A550-48EA-8195-1DD5352A3065}.Ad-Hoc|iPhoneSimulator.Build.0 = Release|x64
		{69906159-A550-48EA-8195-1DD5352A3065}.Ad-Hoc|iPhoneSimulator.Deploy.0 = Release|x64
		{69906159-A550-48EA-8195-1DD5352A3065}.Ad-Hoc|x64.ActiveCfg = Release|x64
		{69906159-A550-48EA-8195-1DD5352A3065}.Ad-Hoc|x64.Build.0 = Release|x64
		{69906159-A550-48EA-8195-1DD5352A3065}.Ad-Hoc|x64.Deploy.0 = Release|x64
		{69906159-A550-48EA-8195-1DD5352A3065}.Ad-Hoc|x86.ActiveCfg = Release|x86
		{69906159-A550-48EA-8195-1DD5352A3065}.Ad-Hoc|x86.Build.0 = Release|x86
		{69906159-A550-48EA-8195-1DD5352A3065}.Ad-Hoc|x86.Deploy.0 = Release|x86
		{69906159-A550-48EA-8195-1DD5352A3065}.AppStore|Any CPU.ActiveCfg = Release|x64
		{69906159-A550-48EA-8195-1DD5352A3065}.AppStore|Any CPU.Build.0 = Release|x64
		{69906159-A550-48EA-8195-1DD5352A3065}.AppStore|Any CPU.Deploy.0 = Release|x64
		{69906159-A550-48EA-8195-1DD5352A3065}.AppStore|ARM.ActiveCfg = Release|ARM
		{69906159-A550-48EA-8195-1DD5352A3065}.AppStore|ARM.Build.0 = Release|ARM
		{69906159-A550-48EA-8195-1DD5352A3065}.AppStore|ARM.Deploy.0 = Release|ARM
		{69906159-A550-48EA-8195-1DD5352A3065}.AppStore|ARM64.ActiveCfg = Release|ARM64
		{69906159-A550-48EA-8195-1DD5352A3065}.AppStore|ARM64.Build.0 = Release|ARM64
		{69906159-A550-48EA-8195-1DD5352A3065}.AppStore|ARM64.Deploy.0 = Release|ARM64
		{69906159-A550-48EA-8195-1DD5352A3065}.AppStore|iPhone.ActiveCfg = Release|x64
		{69906159-A550-48EA-8195-1DD5352A3065}.AppStore|iPhone.Build.0 = Release|x64
		{69906159-A550-48EA-8195-1DD5352A3065}.AppStore|iPhone.Deploy.0 = Release|x64
		{69906159-A550-48EA-8195-1DD5352A3065}.AppStore|iPhoneSimulator.ActiveCfg = Release|x64
		{69906159-A550-48EA-8195-1DD5352A3065}.AppStore|iPhoneSimulator.Build.0 = Release|x64
		{69906159-A550-48EA-8195-1DD5352A3065}.AppStore|iPhoneSimulator.Deploy.0 = Release|x64
		{69906159-A550-48EA-8195-1DD5352A3065}.AppStore|x64.ActiveCfg = Release|x64
		{69906159-A550-48EA-8195-1DD5352A3065}.AppStore|x64.Build.0 = Release|x64
		{69906159-A550-48EA-8195-1DD5352A3065}.AppStore|x64.Deploy.0 = Release|x64
		{69906159-A550-48EA-8195-1DD5352A3065}.AppStore|x86.ActiveCfg = Release|x86
		{69906159-A550-48EA-8195-1DD5352A3065}.AppStore|x86.Build.0 = Release|x86
		{69906159-A550-48EA-8195-1DD5352A3065}.AppStore|x86.Deploy.0 = Release|x86
		{69906159-A550-48EA-8195-1DD5352A3065}.Debug|Any CPU.ActiveCfg = Debug|x86
		{69906159-A550-48EA-8195-1DD5352A3065}.Debug|ARM.ActiveCfg = Debug|ARM
		{69906159-A550-48EA-8195-1DD5352A3065}.Debug|ARM.Build.0 = Debug|ARM
		{69906159-A550-48EA-8195-1DD5352A3065}.Debug|ARM.Deploy.0 = Debug|ARM
		{69906159-A550-48EA-8195-1DD5352A3065}.Debug|ARM64.ActiveCfg = Debug|ARM64
		{69906159-A550-48EA-8195-1DD5352A3065}.Debug|ARM64.Build.0 = Debug|ARM64
		{69906159-A550-48EA-8195-1DD5352A3065}.Debug|ARM64.Deploy.0 = Debug|ARM64
		{69906159-A550-48EA-8195-1DD5352A3065}.Debug|iPhone.ActiveCfg = Debug|x86
		{69906159-A550-48EA-8195-1DD5352A3065}.Debug|iPhoneSimulator.ActiveCfg = Debug|x86
		{69906159-A550-48EA-8195-1DD5352A3065}.Debug|x64.ActiveCfg = Debug|x64
		{69906159-A550-48EA-8195-1DD5352A3065}.Debug|x64.Build.0 = Debug|x64
		{69906159-A550-48EA-8195-1DD5352A3065}.Debug|x64.Deploy.0 = Debug|x64
		{69906159-A550-48EA-8195-1DD5352A3065}.Debug|x86.ActiveCfg = Debug|x86
		{69906159-A550-48EA-8195-1DD5352A3065}.Debug|x86.Build.0 = Debug|x86
		{69906159-A550-48EA-8195-1DD5352A3065}.Debug|x86.Deploy.0 = Debug|x86
		{69906159-A550-48EA-8195-1DD5352A3065}.Release|Any CPU.ActiveCfg = Release|x86
		{69906159-A550-48EA-8195-1DD5352A3065}.Release|ARM.ActiveCfg = Release|ARM
		{69906159-A550-48EA-8195-1DD5352A3065}.Release|ARM.Build.0 = Release|ARM
		{69906159-A550-48EA-8195-1DD5352A3065}.Release|ARM.Deploy.0 = Release|ARM
		{69906159-A550-48EA-8195-1DD5352A3065}.Release|ARM64.ActiveCfg = Release|ARM64
		{69906159-A550-48EA-8195-1DD5352A3065}.Release|ARM64.Build.0 = Release|ARM64
		{69906159-A550-48EA-8195-1DD5352A3065}.Release|ARM64.Deploy.0 = Release|ARM64
		{69906159-A550-48EA-8195-1DD5352A3065}.Release|iPhone.ActiveCfg = Release|x86
		{69906159-A550-48EA-8195-1DD5352A3065}.Release|iPhoneSimulator.ActiveCfg = Release|x86
		{69906159-A550-48EA-8195-1DD5352A3065}.Release|x64.ActiveCfg = Release|x64
		{69906159-A550-48EA-8195-1DD5352A3065}.Release|x64.Build.0 = Release|x64
		{69906159-A550-48EA-8195-1DD5352A3065}.Release|x64.Deploy.0 = Release|x64
		{69906159-A550-48EA-8195-1DD5352A3065}.Release|x86.ActiveCfg = Release|x86
		{69906159-A550-48EA-8195-1DD5352A3065}.Release|x86.Build.0 = Release|x86
		{69906159-A550-48EA-8195-1DD5352A3065}.Release|x86.Deploy.0 = Release|x86
		{70AC097B-0558-489B-8E4B-90593801B3B9}.Ad-Hoc|Any CPU.ActiveCfg = Debug|Any CPU
		{70AC097B-0558-489B-8E4B-90593801B3B9}.Ad-Hoc|Any CPU.Build.0 = Debug|Any CPU
		{70AC097B-0558-489B-8E4B-90593801B3B9}.Ad-Hoc|ARM.ActiveCfg = Debug|Any CPU
		{70AC097B-0558-489B-8E4B-90593801B3B9}.Ad-Hoc|ARM.Build.0 = Debug|Any CPU
		{70AC097B-0558-489B-8E4B-90593801B3B9}.Ad-Hoc|ARM64.ActiveCfg = Debug|Any CPU
		{70AC097B-0558-489B-8E4B-90593801B3B9}.Ad-Hoc|ARM64.Build.0 = Debug|Any CPU
		{70AC097B-0558-489B-8E4B-90593801B3B9}.Ad-Hoc|iPhone.ActiveCfg = Debug|Any CPU
		{70AC097B-0558-489B-8E4B-90593801B3B9}.Ad-Hoc|iPhone.Build.0 = Debug|Any CPU
		{70AC097B-0558-489B-8E4B-90593801B3B9}.Ad-Hoc|iPhoneSimulator.ActiveCfg = Debug|Any CPU
		{70AC097B-0558-489B-8E4B-90593801B3B9}.Ad-Hoc|iPhoneSimulator.Build.0 = Debug|Any CPU
		{70AC097B-0558-489B-8E4B-90593801B3B9}.Ad-Hoc|x64.ActiveCfg = Debug|Any CPU
		{70AC097B-0558-489B-8E4B-90593801B3B9}.Ad-Hoc|x64.Build.0 = Debug|Any CPU
		{70AC097B-0558-489B-8E4B-90593801B3B9}.Ad-Hoc|x86.ActiveCfg = Debug|Any CPU
		{70AC097B-0558-489B-8E4B-90593801B3B9}.Ad-Hoc|x86.Build.0 = Debug|Any CPU
		{70AC097B-0558-489B-8E4B-90593801B3B9}.AppStore|Any CPU.ActiveCfg = Debug|Any CPU
		{70AC097B-0558-489B-8E4B-90593801B3B9}.AppStore|Any CPU.Build.0 = Debug|Any CPU
		{70AC097B-0558-489B-8E4B-90593801B3B9}.AppStore|ARM.ActiveCfg = Debug|Any CPU
		{70AC097B-0558-489B-8E4B-90593801B3B9}.AppStore|ARM.Build.0 = Debug|Any CPU
		{70AC097B-0558-489B-8E4B-90593801B3B9}.AppStore|ARM64.ActiveCfg = Debug|Any CPU
		{70AC097B-0558-489B-8E4B-90593801B3B9}.AppStore|ARM64.Build.0 = Debug|Any CPU
		{70AC097B-0558-489B-8E4B-90593801B3B9}.AppStore|iPhone.ActiveCfg = Debug|Any CPU
		{70AC097B-0558-489B-8E4B-90593801B3B9}.AppStore|iPhone.Build.0 = Debug|Any CPU
		{70AC097B-0558-489B-8E4B-90593801B3B9}.AppStore|iPhoneSimulator.ActiveCfg = Debug|Any CPU
		{70AC097B-0558-489B-8E4B-90593801B3B9}.AppStore|iPhoneSimulator.Build.0 = Debug|Any CPU
		{70AC097B-0558-489B-8E4B-90593801B3B9}.AppStore|x64.ActiveCfg = Debug|Any CPU
		{70AC097B-0558-489B-8E4B-90593801B3B9}.AppStore|x64.Build.0 = Debug|Any CPU
		{70AC097B-0558-489B-8E4B-90593801B3B9}.AppStore|x86.ActiveCfg = Debug|Any CPU
		{70AC097B-0558-489B-8E4B-90593801B3B9}.AppStore|x86.Build.0 = Debug|Any CPU
		{70AC097B-0558-489B-8E4B-90593801B3B9}.Debug|Any CPU.ActiveCfg = Debug|Any CPU
		{70AC097B-0558-489B-8E4B-90593801B3B9}.Debug|Any CPU.Build.0 = Debug|Any CPU
		{70AC097B-0558-489B-8E4B-90593801B3B9}.Debug|ARM.ActiveCfg = Debug|Any CPU
		{70AC097B-0558-489B-8E4B-90593801B3B9}.Debug|ARM.Build.0 = Debug|Any CPU
		{70AC097B-0558-489B-8E4B-90593801B3B9}.Debug|ARM64.ActiveCfg = Debug|Any CPU
		{70AC097B-0558-489B-8E4B-90593801B3B9}.Debug|ARM64.Build.0 = Debug|Any CPU
		{70AC097B-0558-489B-8E4B-90593801B3B9}.Debug|iPhone.ActiveCfg = Debug|Any CPU
		{70AC097B-0558-489B-8E4B-90593801B3B9}.Debug|iPhone.Build.0 = Debug|Any CPU
		{70AC097B-0558-489B-8E4B-90593801B3B9}.Debug|iPhoneSimulator.ActiveCfg = Debug|Any CPU
		{70AC097B-0558-489B-8E4B-90593801B3B9}.Debug|iPhoneSimulator.Build.0 = Debug|Any CPU
		{70AC097B-0558-489B-8E4B-90593801B3B9}.Debug|x64.ActiveCfg = Debug|Any CPU
		{70AC097B-0558-489B-8E4B-90593801B3B9}.Debug|x64.Build.0 = Debug|Any CPU
		{70AC097B-0558-489B-8E4B-90593801B3B9}.Debug|x86.ActiveCfg = Debug|Any CPU
		{70AC097B-0558-489B-8E4B-90593801B3B9}.Debug|x86.Build.0 = Debug|Any CPU
		{70AC097B-0558-489B-8E4B-90593801B3B9}.Release|Any CPU.ActiveCfg = Release|Any CPU
		{70AC097B-0558-489B-8E4B-90593801B3B9}.Release|Any CPU.Build.0 = Release|Any CPU
		{70AC097B-0558-489B-8E4B-90593801B3B9}.Release|ARM.ActiveCfg = Release|Any CPU
		{70AC097B-0558-489B-8E4B-90593801B3B9}.Release|ARM.Build.0 = Release|Any CPU
		{70AC097B-0558-489B-8E4B-90593801B3B9}.Release|ARM64.ActiveCfg = Release|Any CPU
		{70AC097B-0558-489B-8E4B-90593801B3B9}.Release|ARM64.Build.0 = Release|Any CPU
		{70AC097B-0558-489B-8E4B-90593801B3B9}.Release|iPhone.ActiveCfg = Release|Any CPU
		{70AC097B-0558-489B-8E4B-90593801B3B9}.Release|iPhone.Build.0 = Release|Any CPU
		{70AC097B-0558-489B-8E4B-90593801B3B9}.Release|iPhoneSimulator.ActiveCfg = Release|Any CPU
		{70AC097B-0558-489B-8E4B-90593801B3B9}.Release|iPhoneSimulator.Build.0 = Release|Any CPU
		{70AC097B-0558-489B-8E4B-90593801B3B9}.Release|x64.ActiveCfg = Release|Any CPU
		{70AC097B-0558-489B-8E4B-90593801B3B9}.Release|x64.Build.0 = Release|Any CPU
		{70AC097B-0558-489B-8E4B-90593801B3B9}.Release|x86.ActiveCfg = Release|Any CPU
		{70AC097B-0558-489B-8E4B-90593801B3B9}.Release|x86.Build.0 = Release|Any CPU
		{1DAD4B9A-3FD0-4373-B57F-D5929DC43B2B}.Ad-Hoc|Any CPU.ActiveCfg = Release|iPhoneSimulator
		{1DAD4B9A-3FD0-4373-B57F-D5929DC43B2B}.Ad-Hoc|Any CPU.Build.0 = Release|iPhoneSimulator
		{1DAD4B9A-3FD0-4373-B57F-D5929DC43B2B}.Ad-Hoc|ARM.ActiveCfg = Release|iPhoneSimulator
		{1DAD4B9A-3FD0-4373-B57F-D5929DC43B2B}.Ad-Hoc|ARM.Build.0 = Release|iPhoneSimulator
		{1DAD4B9A-3FD0-4373-B57F-D5929DC43B2B}.Ad-Hoc|ARM64.ActiveCfg = Release|iPhoneSimulator
		{1DAD4B9A-3FD0-4373-B57F-D5929DC43B2B}.Ad-Hoc|ARM64.Build.0 = Release|iPhoneSimulator
		{1DAD4B9A-3FD0-4373-B57F-D5929DC43B2B}.Ad-Hoc|iPhone.ActiveCfg = Release|iPhoneSimulator
		{1DAD4B9A-3FD0-4373-B57F-D5929DC43B2B}.Ad-Hoc|iPhone.Build.0 = Release|iPhoneSimulator
		{1DAD4B9A-3FD0-4373-B57F-D5929DC43B2B}.Ad-Hoc|iPhoneSimulator.ActiveCfg = Release|iPhoneSimulator
		{1DAD4B9A-3FD0-4373-B57F-D5929DC43B2B}.Ad-Hoc|iPhoneSimulator.Build.0 = Release|iPhoneSimulator
		{1DAD4B9A-3FD0-4373-B57F-D5929DC43B2B}.Ad-Hoc|x64.ActiveCfg = Release|iPhoneSimulator
		{1DAD4B9A-3FD0-4373-B57F-D5929DC43B2B}.Ad-Hoc|x64.Build.0 = Release|iPhoneSimulator
		{1DAD4B9A-3FD0-4373-B57F-D5929DC43B2B}.Ad-Hoc|x86.ActiveCfg = Release|iPhoneSimulator
		{1DAD4B9A-3FD0-4373-B57F-D5929DC43B2B}.Ad-Hoc|x86.Build.0 = Release|iPhoneSimulator
		{1DAD4B9A-3FD0-4373-B57F-D5929DC43B2B}.AppStore|Any CPU.ActiveCfg = Release|iPhoneSimulator
		{1DAD4B9A-3FD0-4373-B57F-D5929DC43B2B}.AppStore|Any CPU.Build.0 = Release|iPhoneSimulator
		{1DAD4B9A-3FD0-4373-B57F-D5929DC43B2B}.AppStore|ARM.ActiveCfg = Release|iPhoneSimulator
		{1DAD4B9A-3FD0-4373-B57F-D5929DC43B2B}.AppStore|ARM.Build.0 = Release|iPhoneSimulator
		{1DAD4B9A-3FD0-4373-B57F-D5929DC43B2B}.AppStore|ARM64.ActiveCfg = Release|iPhoneSimulator
		{1DAD4B9A-3FD0-4373-B57F-D5929DC43B2B}.AppStore|ARM64.Build.0 = Release|iPhoneSimulator
		{1DAD4B9A-3FD0-4373-B57F-D5929DC43B2B}.AppStore|iPhone.ActiveCfg = Release|iPhoneSimulator
		{1DAD4B9A-3FD0-4373-B57F-D5929DC43B2B}.AppStore|iPhone.Build.0 = Release|iPhoneSimulator
		{1DAD4B9A-3FD0-4373-B57F-D5929DC43B2B}.AppStore|iPhoneSimulator.ActiveCfg = Release|iPhoneSimulator
		{1DAD4B9A-3FD0-4373-B57F-D5929DC43B2B}.AppStore|iPhoneSimulator.Build.0 = Release|iPhoneSimulator
		{1DAD4B9A-3FD0-4373-B57F-D5929DC43B2B}.AppStore|x64.ActiveCfg = Release|iPhoneSimulator
		{1DAD4B9A-3FD0-4373-B57F-D5929DC43B2B}.AppStore|x64.Build.0 = Release|iPhoneSimulator
		{1DAD4B9A-3FD0-4373-B57F-D5929DC43B2B}.AppStore|x86.ActiveCfg = Release|iPhoneSimulator
		{1DAD4B9A-3FD0-4373-B57F-D5929DC43B2B}.AppStore|x86.Build.0 = Release|iPhoneSimulator
		{1DAD4B9A-3FD0-4373-B57F-D5929DC43B2B}.Debug|Any CPU.ActiveCfg = Debug|iPhoneSimulator
		{1DAD4B9A-3FD0-4373-B57F-D5929DC43B2B}.Debug|ARM.ActiveCfg = Debug|iPhoneSimulator
		{1DAD4B9A-3FD0-4373-B57F-D5929DC43B2B}.Debug|ARM64.ActiveCfg = Debug|iPhoneSimulator
		{1DAD4B9A-3FD0-4373-B57F-D5929DC43B2B}.Debug|iPhone.ActiveCfg = Debug|iPhoneSimulator
		{1DAD4B9A-3FD0-4373-B57F-D5929DC43B2B}.Debug|iPhoneSimulator.ActiveCfg = Debug|iPhoneSimulator
		{1DAD4B9A-3FD0-4373-B57F-D5929DC43B2B}.Debug|iPhoneSimulator.Build.0 = Debug|iPhoneSimulator
		{1DAD4B9A-3FD0-4373-B57F-D5929DC43B2B}.Debug|x64.ActiveCfg = Debug|iPhoneSimulator
		{1DAD4B9A-3FD0-4373-B57F-D5929DC43B2B}.Debug|x86.ActiveCfg = Debug|iPhoneSimulator
		{1DAD4B9A-3FD0-4373-B57F-D5929DC43B2B}.Release|Any CPU.ActiveCfg = Release|iPhoneSimulator
		{1DAD4B9A-3FD0-4373-B57F-D5929DC43B2B}.Release|ARM.ActiveCfg = Release|iPhoneSimulator
		{1DAD4B9A-3FD0-4373-B57F-D5929DC43B2B}.Release|ARM64.ActiveCfg = Release|iPhoneSimulator
		{1DAD4B9A-3FD0-4373-B57F-D5929DC43B2B}.Release|iPhone.ActiveCfg = Release|iPhoneSimulator
		{1DAD4B9A-3FD0-4373-B57F-D5929DC43B2B}.Release|iPhoneSimulator.ActiveCfg = Release|iPhoneSimulator
		{1DAD4B9A-3FD0-4373-B57F-D5929DC43B2B}.Release|iPhoneSimulator.Build.0 = Release|iPhoneSimulator
		{1DAD4B9A-3FD0-4373-B57F-D5929DC43B2B}.Release|x64.ActiveCfg = Release|iPhoneSimulator
		{1DAD4B9A-3FD0-4373-B57F-D5929DC43B2B}.Release|x86.ActiveCfg = Release|iPhoneSimulator
		{9511C657-0903-4F01-8A2C-3CABD2194F55}.Ad-Hoc|Any CPU.ActiveCfg = Debug|Any CPU
		{9511C657-0903-4F01-8A2C-3CABD2194F55}.Ad-Hoc|Any CPU.Build.0 = Debug|Any CPU
		{9511C657-0903-4F01-8A2C-3CABD2194F55}.Ad-Hoc|ARM.ActiveCfg = Debug|Any CPU
		{9511C657-0903-4F01-8A2C-3CABD2194F55}.Ad-Hoc|ARM.Build.0 = Debug|Any CPU
		{9511C657-0903-4F01-8A2C-3CABD2194F55}.Ad-Hoc|ARM64.ActiveCfg = Debug|Any CPU
		{9511C657-0903-4F01-8A2C-3CABD2194F55}.Ad-Hoc|ARM64.Build.0 = Debug|Any CPU
		{9511C657-0903-4F01-8A2C-3CABD2194F55}.Ad-Hoc|iPhone.ActiveCfg = Debug|Any CPU
		{9511C657-0903-4F01-8A2C-3CABD2194F55}.Ad-Hoc|iPhone.Build.0 = Debug|Any CPU
		{9511C657-0903-4F01-8A2C-3CABD2194F55}.Ad-Hoc|iPhoneSimulator.ActiveCfg = Debug|Any CPU
		{9511C657-0903-4F01-8A2C-3CABD2194F55}.Ad-Hoc|iPhoneSimulator.Build.0 = Debug|Any CPU
		{9511C657-0903-4F01-8A2C-3CABD2194F55}.Ad-Hoc|x64.ActiveCfg = Debug|Any CPU
		{9511C657-0903-4F01-8A2C-3CABD2194F55}.Ad-Hoc|x64.Build.0 = Debug|Any CPU
		{9511C657-0903-4F01-8A2C-3CABD2194F55}.Ad-Hoc|x86.ActiveCfg = Debug|Any CPU
		{9511C657-0903-4F01-8A2C-3CABD2194F55}.Ad-Hoc|x86.Build.0 = Debug|Any CPU
		{9511C657-0903-4F01-8A2C-3CABD2194F55}.AppStore|Any CPU.ActiveCfg = Debug|Any CPU
		{9511C657-0903-4F01-8A2C-3CABD2194F55}.AppStore|Any CPU.Build.0 = Debug|Any CPU
		{9511C657-0903-4F01-8A2C-3CABD2194F55}.AppStore|ARM.ActiveCfg = Debug|Any CPU
		{9511C657-0903-4F01-8A2C-3CABD2194F55}.AppStore|ARM.Build.0 = Debug|Any CPU
		{9511C657-0903-4F01-8A2C-3CABD2194F55}.AppStore|ARM64.ActiveCfg = Debug|Any CPU
		{9511C657-0903-4F01-8A2C-3CABD2194F55}.AppStore|ARM64.Build.0 = Debug|Any CPU
		{9511C657-0903-4F01-8A2C-3CABD2194F55}.AppStore|iPhone.ActiveCfg = Debug|Any CPU
		{9511C657-0903-4F01-8A2C-3CABD2194F55}.AppStore|iPhone.Build.0 = Debug|Any CPU
		{9511C657-0903-4F01-8A2C-3CABD2194F55}.AppStore|iPhoneSimulator.ActiveCfg = Debug|Any CPU
		{9511C657-0903-4F01-8A2C-3CABD2194F55}.AppStore|iPhoneSimulator.Build.0 = Debug|Any CPU
		{9511C657-0903-4F01-8A2C-3CABD2194F55}.AppStore|x64.ActiveCfg = Debug|Any CPU
		{9511C657-0903-4F01-8A2C-3CABD2194F55}.AppStore|x64.Build.0 = Debug|Any CPU
		{9511C657-0903-4F01-8A2C-3CABD2194F55}.AppStore|x86.ActiveCfg = Debug|Any CPU
		{9511C657-0903-4F01-8A2C-3CABD2194F55}.AppStore|x86.Build.0 = Debug|Any CPU
		{9511C657-0903-4F01-8A2C-3CABD2194F55}.Debug|Any CPU.ActiveCfg = Debug|Any CPU
		{9511C657-0903-4F01-8A2C-3CABD2194F55}.Debug|Any CPU.Build.0 = Debug|Any CPU
		{9511C657-0903-4F01-8A2C-3CABD2194F55}.Debug|ARM.ActiveCfg = Debug|Any CPU
		{9511C657-0903-4F01-8A2C-3CABD2194F55}.Debug|ARM.Build.0 = Debug|Any CPU
		{9511C657-0903-4F01-8A2C-3CABD2194F55}.Debug|ARM64.ActiveCfg = Debug|Any CPU
		{9511C657-0903-4F01-8A2C-3CABD2194F55}.Debug|ARM64.Build.0 = Debug|Any CPU
		{9511C657-0903-4F01-8A2C-3CABD2194F55}.Debug|iPhone.ActiveCfg = Debug|Any CPU
		{9511C657-0903-4F01-8A2C-3CABD2194F55}.Debug|iPhone.Build.0 = Debug|Any CPU
		{9511C657-0903-4F01-8A2C-3CABD2194F55}.Debug|iPhoneSimulator.ActiveCfg = Debug|Any CPU
		{9511C657-0903-4F01-8A2C-3CABD2194F55}.Debug|iPhoneSimulator.Build.0 = Debug|Any CPU
		{9511C657-0903-4F01-8A2C-3CABD2194F55}.Debug|x64.ActiveCfg = Debug|Any CPU
		{9511C657-0903-4F01-8A2C-3CABD2194F55}.Debug|x64.Build.0 = Debug|Any CPU
		{9511C657-0903-4F01-8A2C-3CABD2194F55}.Debug|x86.ActiveCfg = Debug|Any CPU
		{9511C657-0903-4F01-8A2C-3CABD2194F55}.Debug|x86.Build.0 = Debug|Any CPU
		{9511C657-0903-4F01-8A2C-3CABD2194F55}.Release|Any CPU.ActiveCfg = Release|Any CPU
		{9511C657-0903-4F01-8A2C-3CABD2194F55}.Release|Any CPU.Build.0 = Release|Any CPU
		{9511C657-0903-4F01-8A2C-3CABD2194F55}.Release|ARM.ActiveCfg = Release|Any CPU
		{9511C657-0903-4F01-8A2C-3CABD2194F55}.Release|ARM.Build.0 = Release|Any CPU
		{9511C657-0903-4F01-8A2C-3CABD2194F55}.Release|ARM64.ActiveCfg = Release|Any CPU
		{9511C657-0903-4F01-8A2C-3CABD2194F55}.Release|ARM64.Build.0 = Release|Any CPU
		{9511C657-0903-4F01-8A2C-3CABD2194F55}.Release|iPhone.ActiveCfg = Release|Any CPU
		{9511C657-0903-4F01-8A2C-3CABD2194F55}.Release|iPhone.Build.0 = Release|Any CPU
		{9511C657-0903-4F01-8A2C-3CABD2194F55}.Release|iPhoneSimulator.ActiveCfg = Release|Any CPU
		{9511C657-0903-4F01-8A2C-3CABD2194F55}.Release|iPhoneSimulator.Build.0 = Release|Any CPU
		{9511C657-0903-4F01-8A2C-3CABD2194F55}.Release|x64.ActiveCfg = Release|Any CPU
		{9511C657-0903-4F01-8A2C-3CABD2194F55}.Release|x64.Build.0 = Release|Any CPU
		{9511C657-0903-4F01-8A2C-3CABD2194F55}.Release|x86.ActiveCfg = Release|Any CPU
		{9511C657-0903-4F01-8A2C-3CABD2194F55}.Release|x86.Build.0 = Release|Any CPU
	EndGlobalSection
	GlobalSection(SolutionProperties) = preSolution
		HideSolutionNode = FALSE
	EndGlobalSection
	GlobalSection(ExtensibilityGlobals) = postSolution
		SolutionGuid = {7BCB1D16-6A77-4EC9-8F41-E4E4A66CC4E2}
	EndGlobalSection
EndGlobal
